// !$*UTF8*$!
{
	archiveVersion = 1;
	classes = {
	};
	objectVersion = 50;
	objects = {

/* Begin PBXBuildFile section */
		699D0A65220DE4EC0030FE09 /* AppDelegate.swift in Sources */ = {isa = PBXBuildFile; fileRef = 699D0A64220DE4EC0030FE09 /* AppDelegate.swift */; };
		699D0A67220DE4EC0030FE09 /* ViewController.swift in Sources */ = {isa = PBXBuildFile; fileRef = 699D0A66220DE4EC0030FE09 /* ViewController.swift */; };
		699D0A6A220DE4EC0030FE09 /* Main.storyboard in Resources */ = {isa = PBXBuildFile; fileRef = 699D0A68220DE4EC0030FE09 /* Main.storyboard */; };
		699D0A6C220DE4ED0030FE09 /* Assets.xcassets in Resources */ = {isa = PBXBuildFile; fileRef = 699D0A6B220DE4ED0030FE09 /* Assets.xcassets */; };
		699D0A6F220DE4ED0030FE09 /* LaunchScreen.storyboard in Resources */ = {isa = PBXBuildFile; fileRef = 699D0A6D220DE4ED0030FE09 /* LaunchScreen.storyboard */; };
		FB0AACEA1DDF7714D8B08B48 /* Pods_HOSTAPP.framework in Frameworks */ = {isa = PBXBuildFile; fileRef = 3FB3695C6C3DCEF87E4E66F6 /* Pods_HOSTAPP.framework */; };
/* End PBXBuildFile section */

/* Begin PBXFileReference section */
		0217596084D053DA8E831F73 /* Pods-HOSTAPP.release.xcconfig */ = {isa = PBXFileReference; includeInIndex = 1; lastKnownFileType = text.xcconfig; name = "Pods-HOSTAPP.release.xcconfig"; path = "Pods/Target Support Files/Pods-HOSTAPP/Pods-HOSTAPP.release.xcconfig"; sourceTree = "<group>"; };
		3FB3695C6C3DCEF87E4E66F6 /* Pods_HOSTAPP.framework */ = {isa = PBXFileReference; explicitFileType = wrapper.framework; includeInIndex = 0; path = Pods_HOSTAPP.framework; sourceTree = BUILT_PRODUCTS_DIR; };
		699D0A61220DE4EC0030FE09 /* HOSTAPP.app */ = {isa = PBXFileReference; explicitFileType = wrapper.application; includeInIndex = 0; path = HOSTAPP.app; sourceTree = BUILT_PRODUCTS_DIR; };
		699D0A64220DE4EC0030FE09 /* AppDelegate.swift */ = {isa = PBXFileReference; lastKnownFileType = sourcecode.swift; path = AppDelegate.swift; sourceTree = "<group>"; };
		699D0A66220DE4EC0030FE09 /* ViewController.swift */ = {isa = PBXFileReference; lastKnownFileType = sourcecode.swift; path = ViewController.swift; sourceTree = "<group>"; };
		699D0A69220DE4EC0030FE09 /* Base */ = {isa = PBXFileReference; lastKnownFileType = file.storyboard; name = Base; path = Base.lproj/Main.storyboard; sourceTree = "<group>"; };
		699D0A6B220DE4ED0030FE09 /* Assets.xcassets */ = {isa = PBXFileReference; lastKnownFileType = folder.assetcatalog; path = Assets.xcassets; sourceTree = "<group>"; };
		699D0A6E220DE4ED0030FE09 /* Base */ = {isa = PBXFileReference; lastKnownFileType = file.storyboard; name = Base; path = Base.lproj/LaunchScreen.storyboard; sourceTree = "<group>"; };
		699D0A70220DE4ED0030FE09 /* Info.plist */ = {isa = PBXFileReference; lastKnownFileType = text.plist.xml; path = Info.plist; sourceTree = "<group>"; };
		8BAFB95C970EA84D93FE884C /* Pods-HOSTAPP.debug.xcconfig */ = {isa = PBXFileReference; includeInIndex = 1; lastKnownFileType = text.xcconfig; name = "Pods-HOSTAPP.debug.xcconfig"; path = "Pods/Target Support Files/Pods-HOSTAPP/Pods-HOSTAPP.debug.xcconfig"; sourceTree = "<group>"; };
/* End PBXFileReference section */

/* Begin PBXFrameworksBuildPhase section */
		699D0A5E220DE4EC0030FE09 /* Frameworks */ = {
			isa = PBXFrameworksBuildPhase;
			buildActionMask = 2147483647;
			files = (
				FB0AACEA1DDF7714D8B08B48 /* Pods_HOSTAPP.framework in Frameworks */,
			);
			runOnlyForDeploymentPostprocessing = 0;
		};
/* End PBXFrameworksBuildPhase section */

/* Begin PBXGroup section */
		167A5637745ADA76A225D0D2 /* Frameworks */ = {
			isa = PBXGroup;
			children = (
				3FB3695C6C3DCEF87E4E66F6 /* Pods_HOSTAPP.framework */,
			);
			name = Frameworks;
			sourceTree = "<group>";
		};
		699D0A58220DE4EC0030FE09 = {
			isa = PBXGroup;
			children = (
				699D0A63220DE4EC0030FE09 /* HOSTAPP */,
				699D0A62220DE4EC0030FE09 /* Products */,
				ABF01AA44F00A6375A569FBC /* Pods */,
				167A5637745ADA76A225D0D2 /* Frameworks */,
			);
			sourceTree = "<group>";
		};
		699D0A62220DE4EC0030FE09 /* Products */ = {
			isa = PBXGroup;
			children = (
				699D0A61220DE4EC0030FE09 /* HOSTAPP.app */,
			);
			name = Products;
			sourceTree = "<group>";
		};
		699D0A63220DE4EC0030FE09 /* HOSTAPP */ = {
			isa = PBXGroup;
			children = (
				699D0A64220DE4EC0030FE09 /* AppDelegate.swift */,
				699D0A66220DE4EC0030FE09 /* ViewController.swift */,
				699D0A68220DE4EC0030FE09 /* Main.storyboard */,
				699D0A6B220DE4ED0030FE09 /* Assets.xcassets */,
				699D0A6D220DE4ED0030FE09 /* LaunchScreen.storyboard */,
				699D0A70220DE4ED0030FE09 /* Info.plist */,
			);
			path = HOSTAPP;
			sourceTree = "<group>";
		};
		ABF01AA44F00A6375A569FBC /* Pods */ = {
			isa = PBXGroup;
			children = (
				8BAFB95C970EA84D93FE884C /* Pods-HOSTAPP.debug.xcconfig */,
				0217596084D053DA8E831F73 /* Pods-HOSTAPP.release.xcconfig */,
			);
			name = Pods;
			sourceTree = "<group>";
		};
/* End PBXGroup section */

/* Begin PBXNativeTarget section */
		699D0A60220DE4EC0030FE09 /* HOSTAPP */ = {
			isa = PBXNativeTarget;
			buildConfigurationList = 699D0A73220DE4ED0030FE09 /* Build configuration list for PBXNativeTarget "HOSTAPP" */;
			buildPhases = (
				BE23BAF853955AF1C9D45DE3 /* [CP] Check Pods Manifest.lock */,
				699D0A5D220DE4EC0030FE09 /* Sources */,
				699D0A5E220DE4EC0030FE09 /* Frameworks */,
				699D0A5F220DE4EC0030FE09 /* Resources */,
				65F7C67381B1149DEB1D7D5E /* [CP] Embed Pods Frameworks */,
			);
			buildRules = (
			);
			dependencies = (
			);
			name = HOSTAPP;
			productName = HOSTAPP;
			productReference = 699D0A61220DE4EC0030FE09 /* HOSTAPP.app */;
			productType = "com.apple.product-type.application";
		};
/* End PBXNativeTarget section */

/* Begin PBXProject section */
		699D0A59220DE4EC0030FE09 /* Project object */ = {
			isa = PBXProject;
			attributes = {
				LastSwiftUpdateCheck = 1010;
				LastUpgradeCheck = 1010;
				ORGANIZATIONNAME = "Michael Berger";
				TargetAttributes = {
					699D0A60220DE4EC0030FE09 = {
						CreatedOnToolsVersion = 10.1;
					};
				};
			};
			buildConfigurationList = 699D0A5C220DE4EC0030FE09 /* Build configuration list for PBXProject "HOSTAPP" */;
			compatibilityVersion = "Xcode 9.3";
			developmentRegion = en;
			hasScannedForEncodings = 0;
			knownRegions = (
				en,
				Base,
			);
			mainGroup = 699D0A58220DE4EC0030FE09;
			productRefGroup = 699D0A62220DE4EC0030FE09 /* Products */;
			projectDirPath = "";
			projectRoot = "";
			targets = (
				699D0A60220DE4EC0030FE09 /* HOSTAPP */,
			);
		};
/* End PBXProject section */

/* Begin PBXResourcesBuildPhase section */
		699D0A5F220DE4EC0030FE09 /* Resources */ = {
			isa = PBXResourcesBuildPhase;
			buildActionMask = 2147483647;
			files = (
				699D0A6F220DE4ED0030FE09 /* LaunchScreen.storyboard in Resources */,
				699D0A6C220DE4ED0030FE09 /* Assets.xcassets in Resources */,
				699D0A6A220DE4EC0030FE09 /* Main.storyboard in Resources */,
			);
			runOnlyForDeploymentPostprocessing = 0;
		};
/* End PBXResourcesBuildPhase section */

/* Begin PBXShellScriptBuildPhase section */
		65F7C67381B1149DEB1D7D5E /* [CP] Embed Pods Frameworks */ = {
			isa = PBXShellScriptBuildPhase;
			buildActionMask = 2147483647;
			files = (
			);
			inputFileListPaths = (
			);
			inputPaths = (
				"${SRCROOT}/Pods/Target Support Files/Pods-HOSTAPP/Pods-HOSTAPP-frameworks.sh",
				"${BUILT_PRODUCTS_DIR}/FRAMEWORK/FRAMEWORK.framework",
				"${PODS_ROOT}/ObjectBox/Carthage/Build/iOS/ObjectBox.framework",
			);
			name = "[CP] Embed Pods Frameworks";
			outputFileListPaths = (
			);
			outputPaths = (
				"${TARGET_BUILD_DIR}/${FRAMEWORKS_FOLDER_PATH}/FRAMEWORK.framework",
				"${TARGET_BUILD_DIR}/${FRAMEWORKS_FOLDER_PATH}/ObjectBox.framework",
			);
			runOnlyForDeploymentPostprocessing = 0;
			shellPath = /bin/sh;
			shellScript = "\"${SRCROOT}/Pods/Target Support Files/Pods-HOSTAPP/Pods-HOSTAPP-frameworks.sh\"\n";
			showEnvVarsInLog = 0;
		};
		BE23BAF853955AF1C9D45DE3 /* [CP] Check Pods Manifest.lock */ = {
			isa = PBXShellScriptBuildPhase;
			buildActionMask = 2147483647;
			files = (
			);
			inputFileListPaths = (
			);
			inputPaths = (
				"${PODS_PODFILE_DIR_PATH}/Podfile.lock",
				"${PODS_ROOT}/Manifest.lock",
			);
			name = "[CP] Check Pods Manifest.lock";
			outputFileListPaths = (
			);
			outputPaths = (
				"$(DERIVED_FILE_DIR)/Pods-HOSTAPP-checkManifestLockResult.txt",
			);
			runOnlyForDeploymentPostprocessing = 0;
			shellPath = /bin/sh;
			shellScript = "diff \"${PODS_PODFILE_DIR_PATH}/Podfile.lock\" \"${PODS_ROOT}/Manifest.lock\" > /dev/null\nif [ $? != 0 ] ; then\n    # print error to STDERR\n    echo \"error: The sandbox is not in sync with the Podfile.lock. Run 'pod install' or update your CocoaPods installation.\" >&2\n    exit 1\nfi\n# This output is used by Xcode 'outputs' to avoid re-running this script phase.\necho \"SUCCESS\" > \"${SCRIPT_OUTPUT_FILE_0}\"\n";
			showEnvVarsInLog = 0;
		};
/* End PBXShellScriptBuildPhase section */

/* Begin PBXSourcesBuildPhase section */
		699D0A5D220DE4EC0030FE09 /* Sources */ = {
			isa = PBXSourcesBuildPhase;
			buildActionMask = 2147483647;
			files = (
				699D0A67220DE4EC0030FE09 /* ViewController.swift in Sources */,
				699D0A65220DE4EC0030FE09 /* AppDelegate.swift in Sources */,
			);
			runOnlyForDeploymentPostprocessing = 0;
		};
/* End PBXSourcesBuildPhase section */

/* Begin PBXVariantGroup section */
		699D0A68220DE4EC0030FE09 /* Main.storyboard */ = {
			isa = PBXVariantGroup;
			children = (
				699D0A69220DE4EC0030FE09 /* Base */,
			);
			name = Main.storyboard;
			sourceTree = "<group>";
		};
		699D0A6D220DE4ED0030FE09 /* LaunchScreen.storyboard */ = {
			isa = PBXVariantGroup;
			children = (
				699D0A6E220DE4ED0030FE09 /* Base */,
			);
			name = LaunchScreen.storyboard;
			sourceTree = "<group>";
		};
/* End PBXVariantGroup section */

/* Begin XCBuildConfiguration section */
		699D0A71220DE4ED0030FE09 /* Debug */ = {
			isa = XCBuildConfiguration;
			buildSettings = {
				ALWAYS_SEARCH_USER_PATHS = NO;
				CLANG_ANALYZER_NONNULL = YES;
				CLANG_ANALYZER_NUMBER_OBJECT_CONVERSION = YES_AGGRESSIVE;
				CLANG_CXX_LANGUAGE_STANDARD = "gnu++14";
				CLANG_CXX_LIBRARY = "libc++";
				CLANG_ENABLE_MODULES = YES;
				CLANG_ENABLE_OBJC_ARC = YES;
				CLANG_ENABLE_OBJC_WEAK = YES;
				CLANG_WARN_BLOCK_CAPTURE_AUTORELEASING = YES;
				CLANG_WARN_BOOL_CONVERSION = YES;
				CLANG_WARN_COMMA = YES;
				CLANG_WARN_CONSTANT_CONVERSION = YES;
				CLANG_WARN_DEPRECATED_OBJC_IMPLEMENTATIONS = YES;
				CLANG_WARN_DIRECT_OBJC_ISA_USAGE = YES_ERROR;
				CLANG_WARN_DOCUMENTATION_COMMENTS = YES;
				CLANG_WARN_EMPTY_BODY = YES;
				CLANG_WARN_ENUM_CONVERSION = YES;
				CLANG_WARN_INFINITE_RECURSION = YES;
				CLANG_WARN_INT_CONVERSION = YES;
				CLANG_WARN_NON_LITERAL_NULL_CONVERSION = YES;
				CLANG_WARN_OBJC_IMPLICIT_RETAIN_SELF = YES;
				CLANG_WARN_OBJC_LITERAL_CONVERSION = YES;
				CLANG_WARN_OBJC_ROOT_CLASS = YES_ERROR;
				CLANG_WARN_RANGE_LOOP_ANALYSIS = YES;
				CLANG_WARN_STRICT_PROTOTYPES = YES;
				CLANG_WARN_SUSPICIOUS_MOVE = YES;
				CLANG_WARN_UNGUARDED_AVAILABILITY = YES_AGGRESSIVE;
				CLANG_WARN_UNREACHABLE_CODE = YES;
				CLANG_WARN__DUPLICATE_METHOD_MATCH = YES;
				CODE_SIGN_IDENTITY = "iPhone Developer";
				COPY_PHASE_STRIP = NO;
				DEBUG_INFORMATION_FORMAT = dwarf;
				ENABLE_STRICT_OBJC_MSGSEND = YES;
				ENABLE_TESTABILITY = YES;
				GCC_C_LANGUAGE_STANDARD = gnu11;
				GCC_DYNAMIC_NO_PIC = NO;
				GCC_NO_COMMON_BLOCKS = YES;
				GCC_OPTIMIZATION_LEVEL = 0;
				GCC_PREPROCESSOR_DEFINITIONS = (
					"DEBUG=1",
					"$(inherited)",
				);
				GCC_WARN_64_TO_32_BIT_CONVERSION = YES;
				GCC_WARN_ABOUT_RETURN_TYPE = YES_ERROR;
				GCC_WARN_UNDECLARED_SELECTOR = YES;
				GCC_WARN_UNINITIALIZED_AUTOS = YES_AGGRESSIVE;
				GCC_WARN_UNUSED_FUNCTION = YES;
				GCC_WARN_UNUSED_VARIABLE = YES;
				IPHONEOS_DEPLOYMENT_TARGET = 12.1;
				MTL_ENABLE_DEBUG_INFO = INCLUDE_SOURCE;
				MTL_FAST_MATH = YES;
				ONLY_ACTIVE_ARCH = YES;
				SDKROOT = iphoneos;
				SWIFT_ACTIVE_COMPILATION_CONDITIONS = DEBUG;
				SWIFT_OPTIMIZATION_LEVEL = "-Onone";
			};
			name = Debug;
		};
		699D0A72220DE4ED0030FE09 /* Release */ = {
			isa = XCBuildConfiguration;
			buildSettings = {
				ALWAYS_SEARCH_USER_PATHS = NO;
				CLANG_ANALYZER_NONNULL = YES;
				CLANG_ANALYZER_NUMBER_OBJECT_CONVERSION = YES_AGGRESSIVE;
				CLANG_CXX_LANGUAGE_STANDARD = "gnu++14";
				CLANG_CXX_LIBRARY = "libc++";
				CLANG_ENABLE_MODULES = YES;
				CLANG_ENABLE_OBJC_ARC = YES;
				CLANG_ENABLE_OBJC_WEAK = YES;
				CLANG_WARN_BLOCK_CAPTURE_AUTORELEASING = YES;
				CLANG_WARN_BOOL_CONVERSION = YES;
				CLANG_WARN_COMMA = YES;
				CLANG_WARN_CONSTANT_CONVERSION = YES;
				CLANG_WARN_DEPRECATED_OBJC_IMPLEMENTATIONS = YES;
				CLANG_WARN_DIRECT_OBJC_ISA_USAGE = YES_ERROR;
				CLANG_WARN_DOCUMENTATION_COMMENTS = YES;
				CLANG_WARN_EMPTY_BODY = YES;
				CLANG_WARN_ENUM_CONVERSION = YES;
				CLANG_WARN_INFINITE_RECURSION = YES;
				CLANG_WARN_INT_CONVERSION = YES;
				CLANG_WARN_NON_LITERAL_NULL_CONVERSION = YES;
				CLANG_WARN_OBJC_IMPLICIT_RETAIN_SELF = YES;
				CLANG_WARN_OBJC_LITERAL_CONVERSION = YES;
				CLANG_WARN_OBJC_ROOT_CLASS = YES_ERROR;
				CLANG_WARN_RANGE_LOOP_ANALYSIS = YES;
				CLANG_WARN_STRICT_PROTOTYPES = YES;
				CLANG_WARN_SUSPICIOUS_MOVE = YES;
				CLANG_WARN_UNGUARDED_AVAILABILITY = YES_AGGRESSIVE;
				CLANG_WARN_UNREACHABLE_CODE = YES;
				CLANG_WARN__DUPLICATE_METHOD_MATCH = YES;
				CODE_SIGN_IDENTITY = "iPhone Developer";
				COPY_PHASE_STRIP = NO;
				DEBUG_INFORMATION_FORMAT = "dwarf-with-dsym";
				ENABLE_NS_ASSERTIONS = NO;
				ENABLE_STRICT_OBJC_MSGSEND = YES;
				GCC_C_LANGUAGE_STANDARD = gnu11;
				GCC_NO_COMMON_BLOCKS = YES;
				GCC_WARN_64_TO_32_BIT_CONVERSION = YES;
				GCC_WARN_ABOUT_RETURN_TYPE = YES_ERROR;
				GCC_WARN_UNDECLARED_SELECTOR = YES;
				GCC_WARN_UNINITIALIZED_AUTOS = YES_AGGRESSIVE;
				GCC_WARN_UNUSED_FUNCTION = YES;
				GCC_WARN_UNUSED_VARIABLE = YES;
				IPHONEOS_DEPLOYMENT_TARGET = 12.1;
				MTL_ENABLE_DEBUG_INFO = NO;
				MTL_FAST_MATH = YES;
				SDKROOT = iphoneos;
				SWIFT_COMPILATION_MODE = wholemodule;
				SWIFT_OPTIMIZATION_LEVEL = "-O";
				VALIDATE_PRODUCT = YES;
			};
			name = Release;
		};
		699D0A74220DE4ED0030FE09 /* Debug */ = {
			isa = XCBuildConfiguration;
			baseConfigurationReference = 8BAFB95C970EA84D93FE884C /* Pods-HOSTAPP.debug.xcconfig */;
			buildSettings = {
				ASSETCATALOG_COMPILER_APPICON_NAME = AppIcon;
				CODE_SIGN_STYLE = Automatic;
				INFOPLIST_FILE = HOSTAPP/Info.plist;
				LD_RUNPATH_SEARCH_PATHS = (
					"$(inherited)",
					"@executable_path/Frameworks",
				);
				PRODUCT_BUNDLE_IDENTIFIER = com.berger.HOSTAPP;
				PRODUCT_NAME = "$(TARGET_NAME)";
				SWIFT_VERSION = 4.2;
				TARGETED_DEVICE_FAMILY = "1,2";
			};
			name = Debug;
		};
		699D0A75220DE4ED0030FE09 /* Release */ = {
			isa = XCBuildConfiguration;
			baseConfigurationReference = 0217596084D053DA8E831F73 /* Pods-HOSTAPP.release.xcconfig */;
			buildSettings = {
				ASSETCATALOG_COMPILER_APPICON_NAME = AppIcon;
				CODE_SIGN_STYLE = Automatic;
				INFOPLIST_FILE = HOSTAPP/Info.plist;
				LD_RUNPATH_SEARCH_PATHS = (
					"$(inherited)",
					"@executable_path/Frameworks",
				);
				PRODUCT_BUNDLE_IDENTIFIER = com.berger.HOSTAPP;
				PRODUCT_NAME = "$(TARGET_NAME)";
				SWIFT_VERSION = 4.2;
				TARGETED_DEVICE_FAMILY = "1,2";
			};
			name = Release;
		};
/* End XCBuildConfiguration section */

/* Begin XCConfigurationList section */
		699D0A5C220DE4EC0030FE09 /* Build configuration list for PBXProject "HOSTAPP" */ = {
			isa = XCConfigurationList;
			buildConfigurations = (
				699D0A71220DE4ED0030FE09 /* Debug */,
				699D0A72220DE4ED0030FE09 /* Release */,
			);
			defaultConfigurationIsVisible = 0;
			defaultConfigurationName = Release;
		};
		699D0A73220DE4ED0030FE09 /* Build configuration list for PBXNativeTarget "HOSTAPP" */ = {
			isa = XCConfigurationList;
			buildConfigurations = (
				699D0A74220DE4ED0030FE09 /* Debug */,
				699D0A75220DE4ED0030FE09 /* Release */,
			);
			defaultConfigurationIsVisible = 0;
			defaultConfigurationName = Release;
		};
/* End XCConfigurationList section */
	};
	rootObject = 699D0A59220DE4EC0030FE09 /* Project object */;
}
